
Microsoft Visual Studio Solution File, Format Version 12.00
# Visual Studio 15
VisualStudioVersion = 15.0.26730.16
MinimumVisualStudioVersion = 10.0.40219.1
Project("{FAE04EC0-301F-11D3-BF4B-00C04F79EFBC}") = "Grouping", "Grouping\Grouping.csproj", "{9323DF08-6C87-43DC-81C6-DBD85ECF1A8A}"
EndProject
Project("{FAE04EC0-301F-11D3-BF4B-00C04F79EFBC}") = "Grouping.Test", "Grouping.Test\Grouping.Test.csproj", "{AF96B78F-CF84-40DE-9F01-DC2C422E485C}"
EndProject
Global
	GlobalSection(SolutionConfigurationPlatforms) = preSolution
		Debug|Any CPU = Debug|Any CPU
		Release|Any CPU = Release|Any CPU
	EndGlobalSection
	GlobalSection(ProjectConfigurationPlatforms) = postSolution
		{9323DF08-6C87-43DC-81C6-DBD85ECF1A8A}.Debug|Any CPU.ActiveCfg = Debug|Any CPU
		{9323DF08-6C87-43DC-81C6-DBD85ECF1A8A}.Debug|Any CPU.Build.0 = Debug|Any CPU
		{9323DF08-6C87-43DC-81C6-DBD85ECF1A8A}.Release|Any CPU.ActiveCfg = Release|Any CPU
		{9323DF08-6C87-43DC-81C6-DBD85ECF1A8A}.Release|Any CPU.Build.0 = Release|Any CPU
		{AF96B78F-CF84-40DE-9F01-DC2C422E485C}.Debug|Any CPU.ActiveCfg = Debug|Any CPU
		{AF96B78F-CF84-40DE-9F01-DC2C422E485C}.Debug|Any CPU.Build.0 = Debug|Any CPU
		{AF96B78F-CF84-40DE-9F01-DC2C422E485C}.Release|Any CPU.ActiveCfg = Release|Any CPU
		{AF96B78F-CF84-40DE-9F01-DC2C422E485C}.Release|Any CPU.Build.0 = Release|Any CPU
	EndGlobalSection
	GlobalSection(SolutionProperties) = preSolution
		HideSolutionNode = FALSE
	EndGlobalSection
	GlobalSection(ExtensibilityGlobals) = postSolution
		SolutionGuid = {50649CDC-E9CB-4D01-A434-C5ADC9F4F4B0}
	EndGlobalSection
EndGlobal
