
Microsoft Visual Studio Solution File, Format Version 12.00
# Visual Studio 15
VisualStudioVersion = 15.0.26730.16
MinimumVisualStudioVersion = 10.0.40219.1
Project("{FAE04EC0-301F-11D3-BF4B-00C04F79EFBC}") = "App1", "App1\App1.csproj", "{85549DC0-00FD-4435-83AB-C4F4F1C58BB0}"
EndProject
Project("{FAE04EC0-301F-11D3-BF4B-00C04F79EFBC}") = "App2", "App2\App2.csproj", "{521E8D4B-985C-4041-813E-DA2F139E7165}"
EndProject
Project("{FAE04EC0-301F-11D3-BF4B-00C04F79EFBC}") = "App3", "App3\App3.csproj", "{8533815D-AA13-47EF-A984-491BA36CEEDE}"
EndProject
Global
	GlobalSection(SolutionConfigurationPlatforms) = preSolution
		Ad-Hoc|iPhone = Ad-Hoc|iPhone
		Ad-Hoc|iPhoneSimulator = Ad-Hoc|iPhoneSimulator
		AppStore|iPhone = AppStore|iPhone
		AppStore|iPhoneSimulator = AppStore|iPhoneSimulator
		Debug|iPhone = Debug|iPhone
		Debug|iPhoneSimulator = Debug|iPhoneSimulator
		Release|iPhone = Release|iPhone
		Release|iPhoneSimulator = Release|iPhoneSimulator
	EndGlobalSection
	GlobalSection(ProjectConfigurationPlatforms) = postSolution
		{85549DC0-00FD-4435-83AB-C4F4F1C58BB0}.Ad-Hoc|iPhone.ActiveCfg = Ad-Hoc|iPhone
		{85549DC0-00FD-4435-83AB-C4F4F1C58BB0}.Ad-Hoc|iPhone.Build.0 = Ad-Hoc|iPhone
		{85549DC0-00FD-4435-83AB-C4F4F1C58BB0}.Ad-Hoc|iPhoneSimulator.ActiveCfg = Ad-Hoc|iPhoneSimulator
		{85549DC0-00FD-4435-83AB-C4F4F1C58BB0}.Ad-Hoc|iPhoneSimulator.Build.0 = Ad-Hoc|iPhoneSimulator
		{85549DC0-00FD-4435-83AB-C4F4F1C58BB0}.AppStore|iPhone.ActiveCfg = AppStore|iPhone
		{85549DC0-00FD-4435-83AB-C4F4F1C58BB0}.AppStore|iPhone.Build.0 = AppStore|iPhone
		{85549DC0-00FD-4435-83AB-C4F4F1C58BB0}.AppStore|iPhoneSimulator.ActiveCfg = AppStore|iPhoneSimulator
		{85549DC0-00FD-4435-83AB-C4F4F1C58BB0}.AppStore|iPhoneSimulator.Build.0 = AppStore|iPhoneSimulator
		{85549DC0-00FD-4435-83AB-C4F4F1C58BB0}.Debug|iPhone.ActiveCfg = Debug|iPhone
		{85549DC0-00FD-4435-83AB-C4F4F1C58BB0}.Debug|iPhone.Build.0 = Debug|iPhone
		{85549DC0-00FD-4435-83AB-C4F4F1C58BB0}.Debug|iPhoneSimulator.ActiveCfg = Debug|iPhoneSimulator
		{85549DC0-00FD-4435-83AB-C4F4F1C58BB0}.Debug|iPhoneSimulator.Build.0 = Debug|iPhoneSimulator
		{85549DC0-00FD-4435-83AB-C4F4F1C58BB0}.Release|iPhone.ActiveCfg = Release|iPhone
		{85549DC0-00FD-4435-83AB-C4F4F1C58BB0}.Release|iPhone.Build.0 = Release|iPhone
		{85549DC0-00FD-4435-83AB-C4F4F1C58BB0}.Release|iPhoneSimulator.ActiveCfg = Release|iPhoneSimulator
		{85549DC0-00FD-4435-83AB-C4F4F1C58BB0}.Release|iPhoneSimulator.Build.0 = Release|iPhoneSimulator
		{521E8D4B-985C-4041-813E-DA2F139E7165}.Ad-Hoc|iPhone.ActiveCfg = Ad-Hoc|iPhone
		{521E8D4B-985C-4041-813E-DA2F139E7165}.Ad-Hoc|iPhone.Build.0 = Ad-Hoc|iPhone
		{521E8D4B-985C-4041-813E-DA2F139E7165}.Ad-Hoc|iPhoneSimulator.ActiveCfg = Ad-Hoc|iPhoneSimulator
		{521E8D4B-985C-4041-813E-DA2F139E7165}.Ad-Hoc|iPhoneSimulator.Build.0 = Ad-Hoc|iPhoneSimulator
		{521E8D4B-985C-4041-813E-DA2F139E7165}.AppStore|iPhone.ActiveCfg = AppStore|iPhone
		{521E8D4B-985C-4041-813E-DA2F139E7165}.AppStore|iPhone.Build.0 = AppStore|iPhone
		{521E8D4B-985C-4041-813E-DA2F139E7165}.AppStore|iPhoneSimulator.ActiveCfg = AppStore|iPhoneSimulator
		{521E8D4B-985C-4041-813E-DA2F139E7165}.AppStore|iPhoneSimulator.Build.0 = AppStore|iPhoneSimulator
		{521E8D4B-985C-4041-813E-DA2F139E7165}.Debug|iPhone.ActiveCfg = Debug|iPhone
		{521E8D4B-985C-4041-813E-DA2F139E7165}.Debug|iPhone.Build.0 = Debug|iPhone
		{521E8D4B-985C-4041-813E-DA2F139E7165}.Debug|iPhoneSimulator.ActiveCfg = Debug|iPhoneSimulator
		{521E8D4B-985C-4041-813E-DA2F139E7165}.Debug|iPhoneSimulator.Build.0 = Debug|iPhoneSimulator
		{521E8D4B-985C-4041-813E-DA2F139E7165}.Release|iPhone.ActiveCfg = Release|iPhone
		{521E8D4B-985C-4041-813E-DA2F139E7165}.Release|iPhone.Build.0 = Release|iPhone
		{521E8D4B-985C-4041-813E-DA2F139E7165}.Release|iPhoneSimulator.ActiveCfg = Release|iPhoneSimulator
		{521E8D4B-985C-4041-813E-DA2F139E7165}.Release|iPhoneSimulator.Build.0 = Release|iPhoneSimulator
		{8533815D-AA13-47EF-A984-491BA36CEEDE}.Ad-Hoc|iPhone.ActiveCfg = Ad-Hoc|iPhone
		{8533815D-AA13-47EF-A984-491BA36CEEDE}.Ad-Hoc|iPhone.Build.0 = Ad-Hoc|iPhone
		{8533815D-AA13-47EF-A984-491BA36CEEDE}.Ad-Hoc|iPhoneSimulator.ActiveCfg = Ad-Hoc|iPhoneSimulator
		{8533815D-AA13-47EF-A984-491BA36CEEDE}.Ad-Hoc|iPhoneSimulator.Build.0 = Ad-Hoc|iPhoneSimulator
		{8533815D-AA13-47EF-A984-491BA36CEEDE}.AppStore|iPhone.ActiveCfg = AppStore|iPhone
		{8533815D-AA13-47EF-A984-491BA36CEEDE}.AppStore|iPhone.Build.0 = AppStore|iPhone
		{8533815D-AA13-47EF-A984-491BA36CEEDE}.AppStore|iPhoneSimulator.ActiveCfg = AppStore|iPhoneSimulator
		{8533815D-AA13-47EF-A984-491BA36CEEDE}.AppStore|iPhoneSimulator.Build.0 = AppStore|iPhoneSimulator
		{8533815D-AA13-47EF-A984-491BA36CEEDE}.Debug|iPhone.ActiveCfg = Debug|iPhone
		{8533815D-AA13-47EF-A984-491BA36CEEDE}.Debug|iPhone.Build.0 = Debug|iPhone
		{8533815D-AA13-47EF-A984-491BA36CEEDE}.Debug|iPhoneSimulator.ActiveCfg = Debug|iPhoneSimulator
		{8533815D-AA13-47EF-A984-491BA36CEEDE}.Debug|iPhoneSimulator.Build.0 = Debug|iPhoneSimulator
		{8533815D-AA13-47EF-A984-491BA36CEEDE}.Release|iPhone.ActiveCfg = Release|iPhone
		{8533815D-AA13-47EF-A984-491BA36CEEDE}.Release|iPhone.Build.0 = Release|iPhone
		{8533815D-AA13-47EF-A984-491BA36CEEDE}.Release|iPhoneSimulator.ActiveCfg = Release|iPhoneSimulator
		{8533815D-AA13-47EF-A984-491BA36CEEDE}.Release|iPhoneSimulator.Build.0 = Release|iPhoneSimulator
	EndGlobalSection
	GlobalSection(SolutionProperties) = preSolution
		HideSolutionNode = FALSE
	EndGlobalSection
	GlobalSection(ExtensibilityGlobals) = postSolution
		SolutionGuid = {67288F6B-2829-462A-AA9C-D4D6AA913A60}
	EndGlobalSection
EndGlobal
