
Microsoft Visual Studio Solution File, Format Version 12.00
# Visual Studio Version 16
VisualStudioVersion = 16.0.29905.134
MinimumVisualStudioVersion = 10.0.40219.1
Project("{FAE04EC0-301F-11D3-BF4B-00C04F79EFBC}") = "WebApplication1.Api", "WebApplication1.Api\WebApplication1.Api.csproj", "{DD6F6774-2431-4F63-827A-03BB02F1771F}"
EndProject
Global
	GlobalSection(SolutionConfigurationPlatforms) = preSolution
		Debug|Any CPU = Debug|Any CPU
		Release|Any CPU = Release|Any CPU
	EndGlobalSection
	GlobalSection(ProjectConfigurationPlatforms) = postSolution
		{DD6F6774-2431-4F63-827A-03BB02F1771F}.Debug|Any CPU.ActiveCfg = Debug|Any CPU
		{DD6F6774-2431-4F63-827A-03BB02F1771F}.Debug|Any CPU.Build.0 = Debug|Any CPU
		{DD6F6774-2431-4F63-827A-03BB02F1771F}.Release|Any CPU.ActiveCfg = Release|Any CPU
		{DD6F6774-2431-4F63-827A-03BB02F1771F}.Release|Any CPU.Build.0 = Release|Any CPU
	EndGlobalSection
	GlobalSection(SolutionProperties) = preSolution
		HideSolutionNode = FALSE
	EndGlobalSection
	GlobalSection(ExtensibilityGlobals) = postSolution
		SolutionGuid = {4146BC15-A902-4CE6-9FBA-7F25E65B3B39}
	EndGlobalSection
EndGlobal
