
Microsoft Visual Studio Solution File, Format Version 12.00
# Visual Studio Version 17
VisualStudioVersion = 17.0.31611.283
MinimumVisualStudioVersion = 10.0.40219.1
Project("{9A19103F-16F7-4668-BE54-9A1E7A4F7556}") = "MauiColors", "src\MauiColors\MauiColors.csproj", "{2944CA84-B247-4A5A-B232-BDD09A6037A3}"
EndProject
Project("{2150E333-8FDC-42A3-9474-1A3956D46DE8}") = "src", "src", "{BACE4984-8730-45FA-A660-2AD57D82D5A9}"
EndProject
Project("{2150E333-8FDC-42A3-9474-1A3956D46DE8}") = "test", "test", "{E1F10039-A5B8-4513-B982-DF4D193CB469}"
EndProject
Project("{FAE04EC0-301F-11D3-BF4B-00C04F79EFBC}") = "MauiColors.Tests", "test\MauiColors.Tests\MauiColors.Tests.csproj", "{4740DB1F-52AE-4C79-9FA0-1E2EB3843F6D}"
EndProject
Global
	GlobalSection(SolutionConfigurationPlatforms) = preSolution
		Debug|Any CPU = Debug|Any CPU
		Release|Any CPU = Release|Any CPU
	EndGlobalSection
	GlobalSection(ProjectConfigurationPlatforms) = postSolution
		{2944CA84-B247-4A5A-B232-BDD09A6037A3}.Debug|Any CPU.ActiveCfg = Debug|Any CPU
		{2944CA84-B247-4A5A-B232-BDD09A6037A3}.Debug|Any CPU.Build.0 = Debug|Any CPU
		{2944CA84-B247-4A5A-B232-BDD09A6037A3}.Debug|Any CPU.Deploy.0 = Debug|Any CPU
		{2944CA84-B247-4A5A-B232-BDD09A6037A3}.Release|Any CPU.ActiveCfg = Release|Any CPU
		{2944CA84-B247-4A5A-B232-BDD09A6037A3}.Release|Any CPU.Build.0 = Release|Any CPU
		{2944CA84-B247-4A5A-B232-BDD09A6037A3}.Release|Any CPU.Deploy.0 = Release|Any CPU
		{4740DB1F-52AE-4C79-9FA0-1E2EB3843F6D}.Debug|Any CPU.ActiveCfg = Debug|Any CPU
		{4740DB1F-52AE-4C79-9FA0-1E2EB3843F6D}.Debug|Any CPU.Build.0 = Debug|Any CPU
		{4740DB1F-52AE-4C79-9FA0-1E2EB3843F6D}.Release|Any CPU.ActiveCfg = Release|Any CPU
		{4740DB1F-52AE-4C79-9FA0-1E2EB3843F6D}.Release|Any CPU.Build.0 = Release|Any CPU
	EndGlobalSection
	GlobalSection(SolutionProperties) = preSolution
		HideSolutionNode = FALSE
	EndGlobalSection
	GlobalSection(NestedProjects) = preSolution
		{2944CA84-B247-4A5A-B232-BDD09A6037A3} = {BACE4984-8730-45FA-A660-2AD57D82D5A9}
		{4740DB1F-52AE-4C79-9FA0-1E2EB3843F6D} = {E1F10039-A5B8-4513-B982-DF4D193CB469}
	EndGlobalSection
	GlobalSection(ExtensibilityGlobals) = postSolution
		SolutionGuid = {61F7FB11-1E47-470C-91E2-47F8143E1572}
	EndGlobalSection
EndGlobal
